
Microsoft Visual Studio Solution File, Format Version 12.00
# Visual Studio Version 16
VisualStudioVersion = 16.0.30907.101
MinimumVisualStudioVersion = 10.0.40219.1
Project("{FAE04EC0-301F-11D3-BF4B-00C04F79EFBC}") = "POC_WebApiAspIdentityMongo", "POC_WebApiAspIdentityMongo\POC_WebApiAspIdentityMongo.csproj", "{4C1D179E-7FE9-4A02-A024-6E85FE1FE74F}"
EndProject
Global
	GlobalSection(SolutionConfigurationPlatforms) = preSolution
		Debug|Any CPU = Debug|Any CPU
		Release|Any CPU = Release|Any CPU
	EndGlobalSection
	GlobalSection(ProjectConfigurationPlatforms) = postSolution
		{4C1D179E-7FE9-4A02-A024-6E85FE1FE74F}.Debug|Any CPU.ActiveCfg = Debug|Any CPU
		{4C1D179E-7FE9-4A02-A024-6E85FE1FE74F}.Debug|Any CPU.Build.0 = Debug|Any CPU
		{4C1D179E-7FE9-4A02-A024-6E85FE1FE74F}.Release|Any CPU.ActiveCfg = Release|Any CPU
		{4C1D179E-7FE9-4A02-A024-6E85FE1FE74F}.Release|Any CPU.Build.0 = Release|Any CPU
	EndGlobalSection
	GlobalSection(SolutionProperties) = preSolution
		HideSolutionNode = FALSE
	EndGlobalSection
	GlobalSection(ExtensibilityGlobals) = postSolution
		SolutionGuid = {3130BDDB-5AEB-4226-9119-F5DE15BB59E7}
	EndGlobalSection
EndGlobal
